
Microsoft Visual Studio Solution File, Format Version 12.00
# Visual Studio Version 16
VisualStudioVersion = 16.0.31515.178
MinimumVisualStudioVersion = 10.0.40219.1
Project("{FAE04EC0-301F-11D3-BF4B-00C04F79EFBC}") = "SM.Android", "SM.Android\SM.Android.csproj", "{805C368D-B219-4E5B-976B-5C68BF8AAC9F}"
EndProject
Project("{FAE04EC0-301F-11D3-BF4B-00C04F79EFBC}") = "SM.iOS", "SM.iOS\SM.iOS.csproj", "{A8F60DF5-C941-414C-B0D2-A71E4F7084E5}"
EndProject
Project("{FAE04EC0-301F-11D3-BF4B-00C04F79EFBC}") = "SM", "SM\SM.csproj", "{9AA5655B-A14D-40D0-A556-542A5571771E}"
EndProject
Global
	GlobalSection(SolutionConfigurationPlatforms) = preSolution
		Debug|Any CPU = Debug|Any CPU
		Debug|iPhone = Debug|iPhone
		Debug|iPhoneSimulator = Debug|iPhoneSimulator
		Release|Any CPU = Release|Any CPU
		Release|iPhone = Release|iPhone
		Release|iPhoneSimulator = Release|iPhoneSimulator
	EndGlobalSection
	GlobalSection(ProjectConfigurationPlatforms) = postSolution
		{805C368D-B219-4E5B-976B-5C68BF8AAC9F}.Debug|Any CPU.ActiveCfg = Debug|Any CPU
		{805C368D-B219-4E5B-976B-5C68BF8AAC9F}.Debug|Any CPU.Build.0 = Debug|Any CPU
		{805C368D-B219-4E5B-976B-5C68BF8AAC9F}.Debug|Any CPU.Deploy.0 = Debug|Any CPU
		{805C368D-B219-4E5B-976B-5C68BF8AAC9F}.Debug|iPhone.ActiveCfg = Debug|Any CPU
		{805C368D-B219-4E5B-976B-5C68BF8AAC9F}.Debug|iPhone.Build.0 = Debug|Any CPU
		{805C368D-B219-4E5B-976B-5C68BF8AAC9F}.Debug|iPhone.Deploy.0 = Debug|Any CPU
		{805C368D-B219-4E5B-976B-5C68BF8AAC9F}.Debug|iPhoneSimulator.ActiveCfg = Debug|Any CPU
		{805C368D-B219-4E5B-976B-5C68BF8AAC9F}.Debug|iPhoneSimulator.Build.0 = Debug|Any CPU
		{805C368D-B219-4E5B-976B-5C68BF8AAC9F}.Debug|iPhoneSimulator.Deploy.0 = Debug|Any CPU
		{805C368D-B219-4E5B-976B-5C68BF8AAC9F}.Release|Any CPU.ActiveCfg = Release|Any CPU
		{805C368D-B219-4E5B-976B-5C68BF8AAC9F}.Release|Any CPU.Build.0 = Release|Any CPU
		{805C368D-B219-4E5B-976B-5C68BF8AAC9F}.Release|Any CPU.Deploy.0 = Release|Any CPU
		{805C368D-B219-4E5B-976B-5C68BF8AAC9F}.Release|iPhone.ActiveCfg = Release|Any CPU
		{805C368D-B219-4E5B-976B-5C68BF8AAC9F}.Release|iPhone.Build.0 = Release|Any CPU
		{805C368D-B219-4E5B-976B-5C68BF8AAC9F}.Release|iPhone.Deploy.0 = Release|Any CPU
		{805C368D-B219-4E5B-976B-5C68BF8AAC9F}.Release|iPhoneSimulator.ActiveCfg = Release|Any CPU
		{805C368D-B219-4E5B-976B-5C68BF8AAC9F}.Release|iPhoneSimulator.Build.0 = Release|Any CPU
		{805C368D-B219-4E5B-976B-5C68BF8AAC9F}.Release|iPhoneSimulator.Deploy.0 = Release|Any CPU
		{A8F60DF5-C941-414C-B0D2-A71E4F7084E5}.Debug|Any CPU.ActiveCfg = Debug|iPhone
		{A8F60DF5-C941-414C-B0D2-A71E4F7084E5}.Debug|Any CPU.Build.0 = Debug|iPhone
		{A8F60DF5-C941-414C-B0D2-A71E4F7084E5}.Debug|Any CPU.Deploy.0 = Debug|iPhone
		{A8F60DF5-C941-414C-B0D2-A71E4F7084E5}.Debug|iPhone.ActiveCfg = Debug|iPhone
		{A8F60DF5-C941-414C-B0D2-A71E4F7084E5}.Debug|iPhone.Build.0 = Debug|iPhone
		{A8F60DF5-C941-414C-B0D2-A71E4F7084E5}.Debug|iPhone.Deploy.0 = Debug|iPhone
		{A8F60DF5-C941-414C-B0D2-A71E4F7084E5}.Debug|iPhoneSimulator.ActiveCfg = Debug|iPhoneSimulator
		{A8F60DF5-C941-414C-B0D2-A71E4F7084E5}.Debug|iPhoneSimulator.Build.0 = Debug|iPhoneSimulator
		{A8F60DF5-C941-414C-B0D2-A71E4F7084E5}.Debug|iPhoneSimulator.Deploy.0 = Debug|iPhoneSimulator
		{A8F60DF5-C941-414C-B0D2-A71E4F7084E5}.Release|Any CPU.ActiveCfg = Release|iPhoneSimulator
		{A8F60DF5-C941-414C-B0D2-A71E4F7084E5}.Release|Any CPU.Build.0 = Release|iPhoneSimulator
		{A8F60DF5-C941-414C-B0D2-A71E4F7084E5}.Release|Any CPU.Deploy.0 = Release|iPhoneSimulator
		{A8F60DF5-C941-414C-B0D2-A71E4F7084E5}.Release|iPhone.ActiveCfg = Release|iPhone
		{A8F60DF5-C941-414C-B0D2-A71E4F7084E5}.Release|iPhone.Build.0 = Release|iPhone
		{A8F60DF5-C941-414C-B0D2-A71E4F7084E5}.Release|iPhone.Deploy.0 = Release|iPhone
		{A8F60DF5-C941-414C-B0D2-A71E4F7084E5}.Release|iPhoneSimulator.ActiveCfg = Release|iPhoneSimulator
		{A8F60DF5-C941-414C-B0D2-A71E4F7084E5}.Release|iPhoneSimulator.Build.0 = Release|iPhoneSimulator
		{A8F60DF5-C941-414C-B0D2-A71E4F7084E5}.Release|iPhoneSimulator.Deploy.0 = Release|iPhoneSimulator
		{9AA5655B-A14D-40D0-A556-542A5571771E}.Debug|Any CPU.ActiveCfg = Debug|Any CPU
		{9AA5655B-A14D-40D0-A556-542A5571771E}.Debug|Any CPU.Build.0 = Debug|Any CPU
		{9AA5655B-A14D-40D0-A556-542A5571771E}.Debug|Any CPU.Deploy.0 = Debug|Any CPU
		{9AA5655B-A14D-40D0-A556-542A5571771E}.Debug|iPhone.ActiveCfg = Debug|Any CPU
		{9AA5655B-A14D-40D0-A556-542A5571771E}.Debug|iPhone.Build.0 = Debug|Any CPU
		{9AA5655B-A14D-40D0-A556-542A5571771E}.Debug|iPhone.Deploy.0 = Debug|Any CPU
		{9AA5655B-A14D-40D0-A556-542A5571771E}.Debug|iPhoneSimulator.ActiveCfg = Debug|Any CPU
		{9AA5655B-A14D-40D0-A556-542A5571771E}.Debug|iPhoneSimulator.Build.0 = Debug|Any CPU
		{9AA5655B-A14D-40D0-A556-542A5571771E}.Debug|iPhoneSimulator.Deploy.0 = Debug|Any CPU
		{9AA5655B-A14D-40D0-A556-542A5571771E}.Release|Any CPU.ActiveCfg = Release|Any CPU
		{9AA5655B-A14D-40D0-A556-542A5571771E}.Release|Any CPU.Build.0 = Release|Any CPU
		{9AA5655B-A14D-40D0-A556-542A5571771E}.Release|Any CPU.Deploy.0 = Release|Any CPU
		{9AA5655B-A14D-40D0-A556-542A5571771E}.Release|iPhone.ActiveCfg = Release|Any CPU
		{9AA5655B-A14D-40D0-A556-542A5571771E}.Release|iPhone.Build.0 = Release|Any CPU
		{9AA5655B-A14D-40D0-A556-542A5571771E}.Release|iPhone.Deploy.0 = Release|Any CPU
		{9AA5655B-A14D-40D0-A556-542A5571771E}.Release|iPhoneSimulator.ActiveCfg = Release|Any CPU
		{9AA5655B-A14D-40D0-A556-542A5571771E}.Release|iPhoneSimulator.Build.0 = Release|Any CPU
		{9AA5655B-A14D-40D0-A556-542A5571771E}.Release|iPhoneSimulator.Deploy.0 = Release|Any CPU
	EndGlobalSection
	GlobalSection(SolutionProperties) = preSolution
		HideSolutionNode = FALSE
	EndGlobalSection
	GlobalSection(ExtensibilityGlobals) = postSolution
		SolutionGuid = {E1BE49CD-44F0-471A-BE57-5A3B7ED23187}
	EndGlobalSection
EndGlobal
